
Microsoft Visual Studio Solution File, Format Version 12.00
# Visual Studio Version 17
VisualStudioVersion = 17.5.002.0
MinimumVisualStudioVersion = 10.0.40219.1
Project("{9A19103F-16F7-4668-BE54-9A1E7A4F7556}") = "OOV-Prov", "OOV-Prov.csproj", "{51CED41F-5217-41AE-A440-818FEED77B7B}"
EndProject
Global
	GlobalSection(SolutionConfigurationPlatforms) = preSolution
		Debug|Any CPU = Debug|Any CPU
		Release|Any CPU = Release|Any CPU
	EndGlobalSection
	GlobalSection(ProjectConfigurationPlatforms) = postSolution
		{51CED41F-5217-41AE-A440-818FEED77B7B}.Debug|Any CPU.ActiveCfg = Debug|Any CPU
		{51CED41F-5217-41AE-A440-818FEED77B7B}.Debug|Any CPU.Build.0 = Debug|Any CPU
		{51CED41F-5217-41AE-A440-818FEED77B7B}.Release|Any CPU.ActiveCfg = Release|Any CPU
		{51CED41F-5217-41AE-A440-818FEED77B7B}.Release|Any CPU.Build.0 = Release|Any CPU
	EndGlobalSection
	GlobalSection(SolutionProperties) = preSolution
		HideSolutionNode = FALSE
	EndGlobalSection
	GlobalSection(ExtensibilityGlobals) = postSolution
		SolutionGuid = {97F493A9-5CF7-4403-8633-C8840C6E7675}
	EndGlobalSection
EndGlobal
